
Microsoft Visual Studio Solution File, Format Version 12.00
# Visual Studio Version 16
VisualStudioVersion = 16.0.31624.102
MinimumVisualStudioVersion = 10.0.40219.1
Project("{FAE04EC0-301F-11D3-BF4B-00C04F79EFBC}") = "UmbracoDiscord", "UmbracoDiscord\UmbracoDiscord.csproj", "{0EC94807-2BC2-443B-BC76-8250C1949D9A}"
EndProject
Project("{FAE04EC0-301F-11D3-BF4B-00C04F79EFBC}") = "UmbracoDiscord.Core", "UmbracoDiscord.Core\UmbracoDiscord.Core.csproj", "{8C62EC4C-1A6F-4B7F-AA24-DBD177214171}"
EndProject
Global
	GlobalSection(SolutionConfigurationPlatforms) = preSolution
		Debug|Any CPU = Debug|Any CPU
		Release|Any CPU = Release|Any CPU
	EndGlobalSection
	GlobalSection(ProjectConfigurationPlatforms) = postSolution
		{0EC94807-2BC2-443B-BC76-8250C1949D9A}.Debug|Any CPU.ActiveCfg = Debug|Any CPU
		{0EC94807-2BC2-443B-BC76-8250C1949D9A}.Debug|Any CPU.Build.0 = Debug|Any CPU
		{0EC94807-2BC2-443B-BC76-8250C1949D9A}.Release|Any CPU.ActiveCfg = Release|Any CPU
		{0EC94807-2BC2-443B-BC76-8250C1949D9A}.Release|Any CPU.Build.0 = Release|Any CPU
		{8C62EC4C-1A6F-4B7F-AA24-DBD177214171}.Debug|Any CPU.ActiveCfg = Debug|Any CPU
		{8C62EC4C-1A6F-4B7F-AA24-DBD177214171}.Debug|Any CPU.Build.0 = Debug|Any CPU
		{8C62EC4C-1A6F-4B7F-AA24-DBD177214171}.Release|Any CPU.ActiveCfg = Release|Any CPU
		{8C62EC4C-1A6F-4B7F-AA24-DBD177214171}.Release|Any CPU.Build.0 = Release|Any CPU
	EndGlobalSection
	GlobalSection(SolutionProperties) = preSolution
		HideSolutionNode = FALSE
	EndGlobalSection
	GlobalSection(ExtensibilityGlobals) = postSolution
		SolutionGuid = {8325BE25-8462-40B9-A9B9-BC4EA3EFBFF9}
	EndGlobalSection
EndGlobal
